
Microsoft Visual Studio Solution File, Format Version 12.00
# Visual Studio 2012
Project("{FAE04EC0-301F-11D3-BF4B-00C04F79EFBC}") = "FCDCodingExercise", "FCDCodingExercise\FCDCodingExercise.csproj", "{7EB79841-F5FB-498E-AA0E-CAB15778442D}"
EndProject
Project("{FAE04EC0-301F-11D3-BF4B-00C04F79EFBC}") = "OperationTests", "OperationTests\OperationTests.csproj", "{4171CD9D-2A91-4624-AB4B-1F39E32D834B}"
EndProject
Global
	GlobalSection(SolutionConfigurationPlatforms) = preSolution
		Debug|Any CPU = Debug|Any CPU
		Release|Any CPU = Release|Any CPU
	EndGlobalSection
	GlobalSection(ProjectConfigurationPlatforms) = postSolution
		{7EB79841-F5FB-498E-AA0E-CAB15778442D}.Debug|Any CPU.ActiveCfg = Debug|Any CPU
		{7EB79841-F5FB-498E-AA0E-CAB15778442D}.Debug|Any CPU.Build.0 = Debug|Any CPU
		{7EB79841-F5FB-498E-AA0E-CAB15778442D}.Release|Any CPU.ActiveCfg = Release|Any CPU
		{7EB79841-F5FB-498E-AA0E-CAB15778442D}.Release|Any CPU.Build.0 = Release|Any CPU
		{4171CD9D-2A91-4624-AB4B-1F39E32D834B}.Debug|Any CPU.ActiveCfg = Debug|Any CPU
		{4171CD9D-2A91-4624-AB4B-1F39E32D834B}.Debug|Any CPU.Build.0 = Debug|Any CPU
		{4171CD9D-2A91-4624-AB4B-1F39E32D834B}.Release|Any CPU.ActiveCfg = Release|Any CPU
		{4171CD9D-2A91-4624-AB4B-1F39E32D834B}.Release|Any CPU.Build.0 = Release|Any CPU
	EndGlobalSection
	GlobalSection(SolutionProperties) = preSolution
		HideSolutionNode = FALSE
	EndGlobalSection
EndGlobal
